
Microsoft Visual Studio Solution File, Format Version 12.00
# Visual Studio Version 17
VisualStudioVersion = 17.5.33502.453
MinimumVisualStudioVersion = 10.0.40219.1
Project("{9A19103F-16F7-4668-BE54-9A1E7A4F7556}") = "UniProject", "UniProject\UniProject.csproj", "{0E8A14C3-841D-4326-8C2E-3B5DA775DBDD}"
EndProject
Project("{FAE04EC0-301F-11D3-BF4B-00C04F79EFBC}") = "UniProjectTests", "UniProjectTests\UniProjectTests.csproj", "{9939FC9D-F5C0-428C-A292-6BF05EAB7632}"
EndProject
Global
	GlobalSection(SolutionConfigurationPlatforms) = preSolution
		Debug|Any CPU = Debug|Any CPU
		Release|Any CPU = Release|Any CPU
	EndGlobalSection
	GlobalSection(ProjectConfigurationPlatforms) = postSolution
		{0E8A14C3-841D-4326-8C2E-3B5DA775DBDD}.Debug|Any CPU.ActiveCfg = Debug|Any CPU
		{0E8A14C3-841D-4326-8C2E-3B5DA775DBDD}.Debug|Any CPU.Build.0 = Debug|Any CPU
		{0E8A14C3-841D-4326-8C2E-3B5DA775DBDD}.Release|Any CPU.ActiveCfg = Release|Any CPU
		{0E8A14C3-841D-4326-8C2E-3B5DA775DBDD}.Release|Any CPU.Build.0 = Release|Any CPU
		{9939FC9D-F5C0-428C-A292-6BF05EAB7632}.Debug|Any CPU.ActiveCfg = Debug|Any CPU
		{9939FC9D-F5C0-428C-A292-6BF05EAB7632}.Debug|Any CPU.Build.0 = Debug|Any CPU
		{9939FC9D-F5C0-428C-A292-6BF05EAB7632}.Release|Any CPU.ActiveCfg = Release|Any CPU
		{9939FC9D-F5C0-428C-A292-6BF05EAB7632}.Release|Any CPU.Build.0 = Release|Any CPU
	EndGlobalSection
	GlobalSection(SolutionProperties) = preSolution
		HideSolutionNode = FALSE
	EndGlobalSection
	GlobalSection(ExtensibilityGlobals) = postSolution
		SolutionGuid = {81B0402B-8588-42E5-BC22-03B2D854DAF3}
	EndGlobalSection
EndGlobal
